// !$*UTF8*$!
{
	archiveVersion = 1;
	classes = {
	};
	objectVersion = 48;
	objects = {

/* Begin PBXBuildFile section */
		7545FC8721DEAF86004B451D /* AppDelegate.swift in Sources */ = {isa = PBXBuildFile; fileRef = 7545FC8621DEAF86004B451D /* AppDelegate.swift */; };
		7545FC8921DEAF86004B451D /* ViewController.swift in Sources */ = {isa = PBXBuildFile; fileRef = 7545FC8821DEAF86004B451D /* ViewController.swift */; };
		7545FC8C21DEAF86004B451D /* Main.storyboard in Resources */ = {isa = PBXBuildFile; fileRef = 7545FC8A21DEAF86004B451D /* Main.storyboard */; };
		7545FC8E21DEAF86004B451D /* Assets.xcassets in Resources */ = {isa = PBXBuildFile; fileRef = 7545FC8D21DEAF86004B451D /* Assets.xcassets */; };
		7545FC9121DEAF86004B451D /* LaunchScreen.storyboard in Resources */ = {isa = PBXBuildFile; fileRef = 7545FC8F21DEAF86004B451D /* LaunchScreen.storyboard */; };
/* End PBXBuildFile section */

/* Begin PBXFileReference section */
		7545FC8321DEAF86004B451D /* xyz-machine.app */ = {isa = PBXFileReference; explicitFileType = wrapper.application; includeInIndex = 0; path = "xyz-machine.app"; sourceTree = BUILT_PRODUCTS_DIR; };
		7545FC8621DEAF86004B451D /* AppDelegate.swift */ = {isa = PBXFileReference; lastKnownFileType = sourcecode.swift; path = AppDelegate.swift; sourceTree = "<group>"; };
		7545FC8821DEAF86004B451D /* ViewController.swift */ = {isa = PBXFileReference; lastKnownFileType = sourcecode.swift; path = ViewController.swift; sourceTree = "<group>"; };
		7545FC8B21DEAF86004B451D /* Base */ = {isa = PBXFileReference; lastKnownFileType = file.storyboard; name = Base; path = Base.lproj/Main.storyboard; sourceTree = "<group>"; };
		7545FC8D21DEAF86004B451D /* Assets.xcassets */ = {isa = PBXFileReference; lastKnownFileType = folder.assetcatalog; path = Assets.xcassets; sourceTree = "<group>"; };
		7545FC9021DEAF86004B451D /* Base */ = {isa = PBXFileReference; lastKnownFileType = file.storyboard; name = Base; path = Base.lproj/LaunchScreen.storyboard; sourceTree = "<group>"; };
		7545FC9221DEAF86004B451D /* Info.plist */ = {isa = PBXFileReference; lastKnownFileType = text.plist.xml; path = Info.plist; sourceTree = "<group>"; };
/* End PBXFileReference section */

/* Begin PBXFrameworksBuildPhase section */
		7545FC8021DEAF86004B451D /* Frameworks */ = {
			isa = PBXFrameworksBuildPhase;
			buildActionMask = 2147483647;
			files = (
			);
			runOnlyForDeploymentPostprocessing = 0;
		};
/* End PBXFrameworksBuildPhase section */

/* Begin PBXGroup section */
		7545FC7A21DEAF86004B451D = {
			isa = PBXGroup;
			children = (
				7545FC8521DEAF86004B451D /* xyz-machine */,
				7545FC8421DEAF86004B451D /* Products */,
			);
			sourceTree = "<group>";
		};
		7545FC8421DEAF86004B451D /* Products */ = {
			isa = PBXGroup;
			children = (
				7545FC8321DEAF86004B451D /* xyz-machine.app */,
			);
			name = Products;
			sourceTree = "<group>";
		};
		7545FC8521DEAF86004B451D /* xyz-machine */ = {
			isa = PBXGroup;
			children = (
				7545FC8621DEAF86004B451D /* AppDelegate.swift */,
				7545FC8821DEAF86004B451D /* ViewController.swift */,
				7545FC8A21DEAF86004B451D /* Main.storyboard */,
				7545FC8D21DEAF86004B451D /* Assets.xcassets */,
				7545FC8F21DEAF86004B451D /* LaunchScreen.storyboard */,
				7545FC9221DEAF86004B451D /* Info.plist */,
			);
			path = "xyz-machine";
			sourceTree = "<group>";
		};
/* End PBXGroup section */

/* Begin PBXNativeTarget section */
		7545FC8221DEAF86004B451D /* xyz-machine */ = {
			isa = PBXNativeTarget;
			buildConfigurationList = 7545FC9521DEAF86004B451D /* Build configuration list for PBXNativeTarget "xyz-machine" */;
			buildPhases = (
				7545FC7F21DEAF86004B451D /* Sources */,
				7545FC8021DEAF86004B451D /* Frameworks */,
				7545FC8121DEAF86004B451D /* Resources */,
			);
			buildRules = (
			);
			dependencies = (
			);
			name = "xyz-machine";
			productName = "xyz-machine";
			productReference = 7545FC8321DEAF86004B451D /* xyz-machine.app */;
			productType = "com.apple.product-type.application";
		};
/* End PBXNativeTarget section */

/* Begin PBXProject section */
		7545FC7B21DEAF86004B451D /* Project object */ = {
			isa = PBXProject;
			attributes = {
				LastSwiftUpdateCheck = 0920;
				LastUpgradeCheck = 0920;
				ORGANIZATIONNAME = "Jon Huynh";
				TargetAttributes = {
					7545FC8221DEAF86004B451D = {
						CreatedOnToolsVersion = 9.2;
						ProvisioningStyle = Automatic;
					};
				};
			};
			buildConfigurationList = 7545FC7E21DEAF86004B451D /* Build configuration list for PBXProject "xyz-machine" */;
			compatibilityVersion = "Xcode 8.0";
			developmentRegion = en;
			hasScannedForEncodings = 0;
			knownRegions = (
				en,
				Base,
			);
			mainGroup = 7545FC7A21DEAF86004B451D;
			productRefGroup = 7545FC8421DEAF86004B451D /* Products */;
			projectDirPath = "";
			projectRoot = "";
			targets = (
				7545FC8221DEAF86004B451D /* xyz-machine */,
			);
		};
/* End PBXProject section */

/* Begin PBXResourcesBuildPhase section */
		7545FC8121DEAF86004B451D /* Resources */ = {
			isa = PBXResourcesBuildPhase;
			buildActionMask = 2147483647;
			files = (
				7545FC9121DEAF86004B451D /* LaunchScreen.storyboard in Resources */,
				7545FC8E21DEAF86004B451D /* Assets.xcassets in Resources */,
				7545FC8C21DEAF86004B451D /* Main.storyboard in Resources */,
			);
			runOnlyForDeploymentPostprocessing = 0;
		};
/* End PBXResourcesBuildPhase section */

/* Begin PBXSourcesBuildPhase section */
		7545FC7F21DEAF86004B451D /* Sources */ = {
			isa = PBXSourcesBuildPhase;
			buildActionMask = 2147483647;
			files = (
				7545FC8921DEAF86004B451D /* ViewController.swift in Sources */,
				7545FC8721DEAF86004B451D /* AppDelegate.swift in Sources */,
			);
			runOnlyForDeploymentPostprocessing = 0;
		};
/* End PBXSourcesBuildPhase section */

/* Begin PBXVariantGroup section */
		7545FC8A21DEAF86004B451D /* Main.storyboard */ = {
			isa = PBXVariantGroup;
			children = (
				7545FC8B21DEAF86004B451D /* Base */,
			);
			name = Main.storyboard;
			sourceTree = "<group>";
		};
		7545FC8F21DEAF86004B451D /* LaunchScreen.storyboard */ = {
			isa = PBXVariantGroup;
			children = (
				7545FC9021DEAF86004B451D /* Base */,
			);
			name = LaunchScreen.storyboard;
			sourceTree = "<group>";
		};
/* End PBXVariantGroup section */

/* Begin XCBuildConfiguration section */
		7545FC9321DEAF86004B451D /* Debug */ = {
			isa = XCBuildConfiguration;
			buildSettings = {
				ALWAYS_SEARCH_USER_PATHS = NO;
				CLANG_ANALYZER_NONNULL = YES;
				CLANG_ANALYZER_NUMBER_OBJECT_CONVERSION = YES_AGGRESSIVE;
				CLANG_CXX_LANGUAGE_STANDARD = "gnu++14";
				CLANG_CXX_LIBRARY = "libc++";
				CLANG_ENABLE_MODULES = YES;
				CLANG_ENABLE_OBJC_ARC = YES;
				CLANG_WARN_BLOCK_CAPTURE_AUTORELEASING = YES;
				CLANG_WARN_BOOL_CONVERSION = YES;
				CLANG_WARN_COMMA = YES;
				CLANG_WARN_CONSTANT_CONVERSION = YES;
				CLANG_WARN_DIRECT_OBJC_ISA_USAGE = YES_ERROR;
				CLANG_WARN_DOCUMENTATION_COMMENTS = YES;
				CLANG_WARN_EMPTY_BODY = YES;
				CLANG_WARN_ENUM_CONVERSION = YES;
				CLANG_WARN_INFINITE_RECURSION = YES;
				CLANG_WARN_INT_CONVERSION = YES;
				CLANG_WARN_NON_LITERAL_NULL_CONVERSION = YES;
				CLANG_WARN_OBJC_LITERAL_CONVERSION = YES;
				CLANG_WARN_OBJC_ROOT_CLASS = YES_ERROR;
				CLANG_WARN_RANGE_LOOP_ANALYSIS = YES;
				CLANG_WARN_STRICT_PROTOTYPES = YES;
				CLANG_WARN_SUSPICIOUS_MOVE = YES;
				CLANG_WARN_UNGUARDED_AVAILABILITY = YES_AGGRESSIVE;
				CLANG_WARN_UNREACHABLE_CODE = YES;
				CLANG_WARN__DUPLICATE_METHOD_MATCH = YES;
				CODE_SIGN_IDENTITY = "iPhone Developer";
				COPY_PHASE_STRIP = NO;
				DEBUG_INFORMATION_FORMAT = dwarf;
				ENABLE_STRICT_OBJC_MSGSEND = YES;
				ENABLE_TESTABILITY = YES;
				GCC_C_LANGUAGE_STANDARD = gnu11;
				GCC_DYNAMIC_NO_PIC = NO;
				GCC_NO_COMMON_BLOCKS = YES;
				GCC_OPTIMIZATION_LEVEL = 0;
				GCC_PREPROCESSOR_DEFINITIONS = (
					"DEBUG=1",
					"$(inherited)",
				);
				GCC_WARN_64_TO_32_BIT_CONVERSION = YES;
				GCC_WARN_ABOUT_RETURN_TYPE = YES_ERROR;
				GCC_WARN_UNDECLARED_SELECTOR = YES;
				GCC_WARN_UNINITIALIZED_AUTOS = YES_AGGRESSIVE;
				GCC_WARN_UNUSED_FUNCTION = YES;
				GCC_WARN_UNUSED_VARIABLE = YES;
				IPHONEOS_DEPLOYMENT_TARGET = 11.2;
				MTL_ENABLE_DEBUG_INFO = YES;
				ONLY_ACTIVE_ARCH = YES;
				SDKROOT = iphoneos;
				SWIFT_ACTIVE_COMPILATION_CONDITIONS = DEBUG;
				SWIFT_OPTIMIZATION_LEVEL = "-Onone";
			};
			name = Debug;
		};
		7545FC9421DEAF86004B451D /* Release */ = {
			isa = XCBuildConfiguration;
			buildSettings = {
				ALWAYS_SEARCH_USER_PATHS = NO;
				CLANG_ANALYZER_NONNULL = YES;
				CLANG_ANALYZER_NUMBER_OBJECT_CONVERSION = YES_AGGRESSIVE;
				CLANG_CXX_LANGUAGE_STANDARD = "gnu++14";
				CLANG_CXX_LIBRARY = "libc++";
				CLANG_ENABLE_MODULES = YES;
				CLANG_ENABLE_OBJC_ARC = YES;
				CLANG_WARN_BLOCK_CAPTURE_AUTORELEASING = YES;
				CLANG_WARN_BOOL_CONVERSION = YES;
				CLANG_WARN_COMMA = YES;
				CLANG_WARN_CONSTANT_CONVERSION = YES;
				CLANG_WARN_DIRECT_OBJC_ISA_USAGE = YES_ERROR;
				CLANG_WARN_DOCUMENTATION_COMMENTS = YES;
				CLANG_WARN_EMPTY_BODY = YES;
				CLANG_WARN_ENUM_CONVERSION = YES;
				CLANG_WARN_INFINITE_RECURSION = YES;
				CLANG_WARN_INT_CONVERSION = YES;
				CLANG_WARN_NON_LITERAL_NULL_CONVERSION = YES;
				CLANG_WARN_OBJC_LITERAL_CONVERSION = YES;
				CLANG_WARN_OBJC_ROOT_CLASS = YES_ERROR;
				CLANG_WARN_RANGE_LOOP_ANALYSIS = YES;
				CLANG_WARN_STRICT_PROTOTYPES = YES;
				CLANG_WARN_SUSPICIOUS_MOVE = YES;
				CLANG_WARN_UNGUARDED_AVAILABILITY = YES_AGGRESSIVE;
				CLANG_WARN_UNREACHABLE_CODE = YES;
				CLANG_WARN__DUPLICATE_METHOD_MATCH = YES;
				CODE_SIGN_IDENTITY = "iPhone Developer";
				COPY_PHASE_STRIP = NO;
				DEBUG_INFORMATION_FORMAT = "dwarf-with-dsym";
				ENABLE_NS_ASSERTIONS = NO;
				ENABLE_STRICT_OBJC_MSGSEND = YES;
				GCC_C_LANGUAGE_STANDARD = gnu11;
				GCC_NO_COMMON_BLOCKS = YES;
				GCC_WARN_64_TO_32_BIT_CONVERSION = YES;
				GCC_WARN_ABOUT_RETURN_TYPE = YES_ERROR;
				GCC_WARN_UNDECLARED_SELECTOR = YES;
				GCC_WARN_UNINITIALIZED_AUTOS = YES_AGGRESSIVE;
				GCC_WARN_UNUSED_FUNCTION = YES;
				GCC_WARN_UNUSED_VARIABLE = YES;
				IPHONEOS_DEPLOYMENT_TARGET = 11.2;
				MTL_ENABLE_DEBUG_INFO = NO;
				SDKROOT = iphoneos;
				SWIFT_OPTIMIZATION_LEVEL = "-Owholemodule";
				VALIDATE_PRODUCT = YES;
			};
			name = Release;
		};
		7545FC9621DEAF86004B451D /* Debug */ = {
			isa = XCBuildConfiguration;
			buildSettings = {
				ASSETCATALOG_COMPILER_APPICON_NAME = AppIcon;
				CODE_SIGN_STYLE = Automatic;
				DEVELOPMENT_TEAM = QX2D2EX354;
				INFOPLIST_FILE = "xyz-machine/Info.plist";
				LD_RUNPATH_SEARCH_PATHS = "$(inherited) @executable_path/Frameworks";
				PRODUCT_BUNDLE_IDENTIFIER = "jonhuynh.xyz-machine";
				PRODUCT_NAME = "$(TARGET_NAME)";
				SWIFT_VERSION = 4.0;
				TARGETED_DEVICE_FAMILY = "1,2";
			};
			name = Debug;
		};
		7545FC9721DEAF86004B451D /* Release */ = {
			isa = XCBuildConfiguration;
			buildSettings = {
				ASSETCATALOG_COMPILER_APPICON_NAME = AppIcon;
				CODE_SIGN_STYLE = Automatic;
				DEVELOPMENT_TEAM = QX2D2EX354;
				INFOPLIST_FILE = "xyz-machine/Info.plist";
				LD_RUNPATH_SEARCH_PATHS = "$(inherited) @executable_path/Frameworks";
				PRODUCT_BUNDLE_IDENTIFIER = "jonhuynh.xyz-machine";
				PRODUCT_NAME = "$(TARGET_NAME)";
				SWIFT_VERSION = 4.0;
				TARGETED_DEVICE_FAMILY = "1,2";
			};
			name = Release;
		};
/* End XCBuildConfiguration section */

/* Begin XCConfigurationList section */
		7545FC7E21DEAF86004B451D /* Build configuration list for PBXProject "xyz-machine" */ = {
			isa = XCConfigurationList;
			buildConfigurations = (
				7545FC9321DEAF86004B451D /* Debug */,
				7545FC9421DEAF86004B451D /* Release */,
			);
			defaultConfigurationIsVisible = 0;
			defaultConfigurationName = Release;
		};
		7545FC9521DEAF86004B451D /* Build configuration list for PBXNativeTarget "xyz-machine" */ = {
			isa = XCConfigurationList;
			buildConfigurations = (
				7545FC9621DEAF86004B451D /* Debug */,
				7545FC9721DEAF86004B451D /* Release */,
			);
			defaultConfigurationIsVisible = 0;
			defaultConfigurationName = Release;
		};
/* End XCConfigurationList section */
	};
	rootObject = 7545FC7B21DEAF86004B451D /* Project object */;
}
